// !$*UTF8*$!
{
	archiveVersion = 1;
	classes = {
	};
	objectVersion = 46;
	objects = {

/* Begin PBXBuildFile section */
		2748452C1C086FBA00054395 /* MessageViewController.swift in Sources */ = {isa = PBXBuildFile; fileRef = 2748452B1C086FBA00054395 /* MessageViewController.swift */; };
		275187C71C082B3F00D01D16 /* SQLite.framework in Frameworks */ = {isa = PBXBuildFile; fileRef = 2786D83E1C07B26D00A1874D /* SQLite.framework */; };
		275187C81C082B3F00D01D16 /* SQLite.framework in Embed Frameworks */ = {isa = PBXBuildFile; fileRef = 2786D83E1C07B26D00A1874D /* SQLite.framework */; settings = {ATTRIBUTES = (CodeSignOnCopy, RemoveHeadersOnCopy, ); }; };
		2786D7F11C07B06F00A1874D /* AppDelegate.swift in Sources */ = {isa = PBXBuildFile; fileRef = 2786D7F01C07B06F00A1874D /* AppDelegate.swift */; };
		2786D7F51C07B06F00A1874D /* MapViewController.swift in Sources */ = {isa = PBXBuildFile; fileRef = 2786D7F41C07B06F00A1874D /* MapViewController.swift */; };
		2786D7F81C07B06F00A1874D /* Main.storyboard in Resources */ = {isa = PBXBuildFile; fileRef = 2786D7F61C07B06F00A1874D /* Main.storyboard */; };
		2786D7FA1C07B06F00A1874D /* Assets.xcassets in Resources */ = {isa = PBXBuildFile; fileRef = 2786D7F91C07B06F00A1874D /* Assets.xcassets */; };
		2786D7FD1C07B06F00A1874D /* LaunchScreen.storyboard in Resources */ = {isa = PBXBuildFile; fileRef = 2786D7FB1C07B06F00A1874D /* LaunchScreen.storyboard */; };
		2786D80F1C07B1B900A1874D /* Book.swift in Sources */ = {isa = PBXBuildFile; fileRef = 2786D8081C07B1B900A1874D /* Book.swift */; };
		2786D8101C07B1B900A1874D /* geo.21.sqlite in Resources */ = {isa = PBXBuildFile; fileRef = 2786D8091C07B1B900A1874D /* geo.21.sqlite */; };
		2786D8111C07B1B900A1874D /* GeoDatabase.swift in Sources */ = {isa = PBXBuildFile; fileRef = 2786D80A1C07B1B900A1874D /* GeoDatabase.swift */; };
		2786D8121C07B1B900A1874D /* GeoPlace.swift in Sources */ = {isa = PBXBuildFile; fileRef = 2786D80B1C07B1B900A1874D /* GeoPlace.swift */; };
		2786D8131C07B1B900A1874D /* MapScripturesIcon.psd in Resources */ = {isa = PBXBuildFile; fileRef = 2786D80C1C07B1B900A1874D /* MapScripturesIcon.psd */; };
		2786D8141C07B1B900A1874D /* scripture.css in Resources */ = {isa = PBXBuildFile; fileRef = 2786D80D1C07B1B900A1874D /* scripture.css */; };
		2786D8151C07B1B900A1874D /* ScriptureRenderer.swift in Sources */ = {isa = PBXBuildFile; fileRef = 2786D80E1C07B1B900A1874D /* ScriptureRenderer.swift */; };
		2786D8531C07B3E300A1874D /* VolumesTableViewController.swift in Sources */ = {isa = PBXBuildFile; fileRef = 2786D8521C07B3E300A1874D /* VolumesTableViewController.swift */; };
		2786D8551C07B3EF00A1874D /* BooksTableViewController.swift in Sources */ = {isa = PBXBuildFile; fileRef = 2786D8541C07B3EF00A1874D /* BooksTableViewController.swift */; };
		2786D8571C07B86D00A1874D /* MapKit.framework in Frameworks */ = {isa = PBXBuildFile; fileRef = 2786D8561C07B86D00A1874D /* MapKit.framework */; };
		2786D8591C07B97D00A1874D /* ScripturesViewController.swift in Sources */ = {isa = PBXBuildFile; fileRef = 2786D8581C07B97D00A1874D /* ScripturesViewController.swift */; };
		2786D85B1C07FFFE00A1874D /* ChaptersTableViewController.swift in Sources */ = {isa = PBXBuildFile; fileRef = 2786D85A1C07FFFE00A1874D /* ChaptersTableViewController.swift */; };
		2786D85D1C0806C000A1874D /* Chapter.swift in Sources */ = {isa = PBXBuildFile; fileRef = 2786D85C1C0806C000A1874D /* Chapter.swift */; };
		27B40F5F1C1619FC0081DE88 /* CustomWebView.swift in Sources */ = {isa = PBXBuildFile; fileRef = 27B40F5E1C1619FC0081DE88 /* CustomWebView.swift */; };
		27B40F681C161ED90081DE88 /* GeocodeSuggestionViewController.swift in Sources */ = {isa = PBXBuildFile; fileRef = 27B40F671C161ED90081DE88 /* GeocodeSuggestionViewController.swift */; };
		27BED1E31C08345C00AF4733 /* GeoPin.swift in Sources */ = {isa = PBXBuildFile; fileRef = 27BED1E21C08345C00AF4733 /* GeoPin.swift */; };
/* End PBXBuildFile section */

/* Begin PBXContainerItemProxy section */
		275187C91C082B3F00D01D16 /* PBXContainerItemProxy */ = {
			isa = PBXContainerItemProxy;
			containerPortal = 2786D8161C07B26800A1874D /* SQLite.xcodeproj */;
			proxyType = 1;
			remoteGlobalIDString = DC2B29E11B26F718001C60EA;
			remoteInfo = "SQLite iOS";
		};
		2786D83D1C07B26D00A1874D /* PBXContainerItemProxy */ = {
			isa = PBXContainerItemProxy;
			containerPortal = 2786D8161C07B26800A1874D /* SQLite.xcodeproj */;
			proxyType = 2;
			remoteGlobalIDString = DC2B29E21B26F718001C60EA;
			remoteInfo = "SQLite iOS";
		};
		2786D83F1C07B26D00A1874D /* PBXContainerItemProxy */ = {
			isa = PBXContainerItemProxy;
			containerPortal = 2786D8161C07B26800A1874D /* SQLite.xcodeproj */;
			proxyType = 2;
			remoteGlobalIDString = DC2B29EC1B26F718001C60EA;
			remoteInfo = "SQLite iOS Tests";
		};
		2786D8411C07B26D00A1874D /* PBXContainerItemProxy */ = {
			isa = PBXContainerItemProxy;
			containerPortal = 2786D8161C07B26800A1874D /* SQLite.xcodeproj */;
			proxyType = 2;
			remoteGlobalIDString = DC7253AC1B52ADEB009B38B1;
			remoteInfo = "SQLite Mac";
		};
		2786D8431C07B26D00A1874D /* PBXContainerItemProxy */ = {
			isa = PBXContainerItemProxy;
			containerPortal = 2786D8161C07B26800A1874D /* SQLite.xcodeproj */;
			proxyType = 2;
			remoteGlobalIDString = DC7253B51B52ADEC009B38B1;
			remoteInfo = "SQLite Mac Tests";
		};
		2786D8451C07B26D00A1874D /* PBXContainerItemProxy */ = {
			isa = PBXContainerItemProxy;
			containerPortal = 2786D8161C07B26800A1874D /* SQLite.xcodeproj */;
			proxyType = 2;
			remoteGlobalIDString = DCE7BB7A1B7434F90040D364;
			remoteInfo = "SQLiteCipher iOS";
		};
		2786D8471C07B26D00A1874D /* PBXContainerItemProxy */ = {
			isa = PBXContainerItemProxy;
			containerPortal = 2786D8161C07B26800A1874D /* SQLite.xcodeproj */;
			proxyType = 2;
			remoteGlobalIDString = DCE7BB831B7434F90040D364;
			remoteInfo = "SQLiteCipher iOS Tests";
		};
		2786D8491C07B26D00A1874D /* PBXContainerItemProxy */ = {
			isa = PBXContainerItemProxy;
			containerPortal = 2786D8161C07B26800A1874D /* SQLite.xcodeproj */;
			proxyType = 2;
			remoteGlobalIDString = DCE7BBB01B7438610040D364;
			remoteInfo = "SQLiteCipher Mac";
		};
		2786D84B1C07B26D00A1874D /* PBXContainerItemProxy */ = {
			isa = PBXContainerItemProxy;
			containerPortal = 2786D8161C07B26800A1874D /* SQLite.xcodeproj */;
			proxyType = 2;
			remoteGlobalIDString = DCE7BBB91B7438620040D364;
			remoteInfo = "SQLiteCipher Mac Tests";
		};
/* End PBXContainerItemProxy section */

/* Begin PBXCopyFilesBuildPhase section */
		275187CB1C082B4000D01D16 /* Embed Frameworks */ = {
			isa = PBXCopyFilesBuildPhase;
			buildActionMask = 2147483647;
			dstPath = "";
			dstSubfolderSpec = 10;
			files = (
				275187C81C082B3F00D01D16 /* SQLite.framework in Embed Frameworks */,
			);
			name = "Embed Frameworks";
			runOnlyForDeploymentPostprocessing = 0;
		};
/* End PBXCopyFilesBuildPhase section */

/* Begin PBXFileReference section */
		2748452B1C086FBA00054395 /* MessageViewController.swift */ = {isa = PBXFileReference; fileEncoding = 4; lastKnownFileType = sourcecode.swift; path = MessageViewController.swift; sourceTree = "<group>"; };
		2786D7ED1C07B06F00A1874D /* Scripture Map.app */ = {isa = PBXFileReference; explicitFileType = wrapper.application; includeInIndex = 0; path = "Scripture Map.app"; sourceTree = BUILT_PRODUCTS_DIR; };
		2786D7F01C07B06F00A1874D /* AppDelegate.swift */ = {isa = PBXFileReference; lastKnownFileType = sourcecode.swift; path = AppDelegate.swift; sourceTree = "<group>"; };
		2786D7F41C07B06F00A1874D /* MapViewController.swift */ = {isa = PBXFileReference; lastKnownFileType = sourcecode.swift; path = MapViewController.swift; sourceTree = "<group>"; };
		2786D7F71C07B06F00A1874D /* Base */ = {isa = PBXFileReference; lastKnownFileType = file.storyboard; name = Base; path = Base.lproj/Main.storyboard; sourceTree = "<group>"; };
		2786D7F91C07B06F00A1874D /* Assets.xcassets */ = {isa = PBXFileReference; lastKnownFileType = folder.assetcatalog; path = Assets.xcassets; sourceTree = "<group>"; };
		2786D7FC1C07B06F00A1874D /* Base */ = {isa = PBXFileReference; lastKnownFileType = file.storyboard; name = Base; path = Base.lproj/LaunchScreen.storyboard; sourceTree = "<group>"; };
		2786D7FE1C07B06F00A1874D /* Info.plist */ = {isa = PBXFileReference; lastKnownFileType = text.plist.xml; path = Info.plist; sourceTree = "<group>"; };
		2786D8081C07B1B900A1874D /* Book.swift */ = {isa = PBXFileReference; fileEncoding = 4; lastKnownFileType = sourcecode.swift; path = Book.swift; sourceTree = "<group>"; };
		2786D8091C07B1B900A1874D /* geo.21.sqlite */ = {isa = PBXFileReference; lastKnownFileType = file; path = geo.21.sqlite; sourceTree = "<group>"; };
		2786D80A1C07B1B900A1874D /* GeoDatabase.swift */ = {isa = PBXFileReference; fileEncoding = 4; lastKnownFileType = sourcecode.swift; path = GeoDatabase.swift; sourceTree = "<group>"; };
		2786D80B1C07B1B900A1874D /* GeoPlace.swift */ = {isa = PBXFileReference; fileEncoding = 4; lastKnownFileType = sourcecode.swift; path = GeoPlace.swift; sourceTree = "<group>"; };
		2786D80C1C07B1B900A1874D /* MapScripturesIcon.psd */ = {isa = PBXFileReference; lastKnownFileType = file; path = MapScripturesIcon.psd; sourceTree = "<group>"; };
		2786D80D1C07B1B900A1874D /* scripture.css */ = {isa = PBXFileReference; fileEncoding = 4; lastKnownFileType = text.css; path = scripture.css; sourceTree = "<group>"; };
		2786D80E1C07B1B900A1874D /* ScriptureRenderer.swift */ = {isa = PBXFileReference; fileEncoding = 4; lastKnownFileType = sourcecode.swift; path = ScriptureRenderer.swift; sourceTree = "<group>"; };
		2786D8161C07B26800A1874D /* SQLite.xcodeproj */ = {isa = PBXFileReference; lastKnownFileType = "wrapper.pb-project"; name = SQLite.xcodeproj; path = "../SQLite.swift-master/SQLite.xcodeproj"; sourceTree = "<group>"; };
		2786D8521C07B3E300A1874D /* VolumesTableViewController.swift */ = {isa = PBXFileReference; fileEncoding = 4; lastKnownFileType = sourcecode.swift; path = VolumesTableViewController.swift; sourceTree = "<group>"; };
		2786D8541C07B3EF00A1874D /* BooksTableViewController.swift */ = {isa = PBXFileReference; fileEncoding = 4; lastKnownFileType = sourcecode.swift; path = BooksTableViewController.swift; sourceTree = "<group>"; };
		2786D8561C07B86D00A1874D /* MapKit.framework */ = {isa = PBXFileReference; lastKnownFileType = wrapper.framework; name = MapKit.framework; path = System/Library/Frameworks/MapKit.framework; sourceTree = SDKROOT; };
		2786D8581C07B97D00A1874D /* ScripturesViewController.swift */ = {isa = PBXFileReference; fileEncoding = 4; lastKnownFileType = sourcecode.swift; path = ScripturesViewController.swift; sourceTree = "<group>"; };
		2786D85A1C07FFFE00A1874D /* ChaptersTableViewController.swift */ = {isa = PBXFileReference; fileEncoding = 4; lastKnownFileType = sourcecode.swift; path = ChaptersTableViewController.swift; sourceTree = "<group>"; };
		2786D85C1C0806C000A1874D /* Chapter.swift */ = {isa = PBXFileReference; fileEncoding = 4; lastKnownFileType = sourcecode.swift; path = Chapter.swift; sourceTree = "<group>"; };
		27B40F5E1C1619FC0081DE88 /* CustomWebView.swift */ = {isa = PBXFileReference; fileEncoding = 4; lastKnownFileType = sourcecode.swift; path = CustomWebView.swift; sourceTree = "<group>"; };
		27B40F671C161ED90081DE88 /* GeocodeSuggestionViewController.swift */ = {isa = PBXFileReference; fileEncoding = 4; lastKnownFileType = sourcecode.swift; path = GeocodeSuggestionViewController.swift; sourceTree = "<group>"; };
		27BED1E21C08345C00AF4733 /* GeoPin.swift */ = {isa = PBXFileReference; fileEncoding = 4; lastKnownFileType = sourcecode.swift; path = GeoPin.swift; sourceTree = "<group>"; };
/* End PBXFileReference section */

/* Begin PBXFrameworksBuildPhase section */
		2786D7EA1C07B06F00A1874D /* Frameworks */ = {
			isa = PBXFrameworksBuildPhase;
			buildActionMask = 2147483647;
			files = (
				275187C71C082B3F00D01D16 /* SQLite.framework in Frameworks */,
				2786D8571C07B86D00A1874D /* MapKit.framework in Frameworks */,
			);
			runOnlyForDeploymentPostprocessing = 0;
		};
/* End PBXFrameworksBuildPhase section */

/* Begin PBXGroup section */
		2786D7E41C07B06F00A1874D = {
			isa = PBXGroup;
			children = (
				2786D8561C07B86D00A1874D /* MapKit.framework */,
				2786D7EF1C07B06F00A1874D /* Scripture Map */,
				2786D7EE1C07B06F00A1874D /* Products */,
			);
			sourceTree = "<group>";
		};
		2786D7EE1C07B06F00A1874D /* Products */ = {
			isa = PBXGroup;
			children = (
				2786D7ED1C07B06F00A1874D /* Scripture Map.app */,
			);
			name = Products;
			sourceTree = "<group>";
		};
		2786D7EF1C07B06F00A1874D /* Scripture Map */ = {
			isa = PBXGroup;
			children = (
				2786D8071C07B0F300A1874D /* Model */,
				2786D8061C07B0F000A1874D /* View */,
				2786D8051C07B0E900A1874D /* Controller */,
				2786D8041C07B0DD00A1874D /* Assets */,
			);
			path = "Scripture Map";
			sourceTree = "<group>";
		};
		2786D8041C07B0DD00A1874D /* Assets */ = {
			isa = PBXGroup;
			children = (
				2786D8161C07B26800A1874D /* SQLite.xcodeproj */,
				2786D8091C07B1B900A1874D /* geo.21.sqlite */,
				2786D80C1C07B1B900A1874D /* MapScripturesIcon.psd */,
				2786D80D1C07B1B900A1874D /* scripture.css */,
				2786D7FE1C07B06F00A1874D /* Info.plist */,
				2786D7F91C07B06F00A1874D /* Assets.xcassets */,
			);
			name = Assets;
			sourceTree = "<group>";
		};
		2786D8051C07B0E900A1874D /* Controller */ = {
			isa = PBXGroup;
			children = (
				2786D7F01C07B06F00A1874D /* AppDelegate.swift */,
				2786D8541C07B3EF00A1874D /* BooksTableViewController.swift */,
				2786D85A1C07FFFE00A1874D /* ChaptersTableViewController.swift */,
				27B40F5E1C1619FC0081DE88 /* CustomWebView.swift */,
				27B40F671C161ED90081DE88 /* GeocodeSuggestionViewController.swift */,
				2786D7F41C07B06F00A1874D /* MapViewController.swift */,
				2748452B1C086FBA00054395 /* MessageViewController.swift */,
				2786D8581C07B97D00A1874D /* ScripturesViewController.swift */,
				2786D8521C07B3E300A1874D /* VolumesTableViewController.swift */,
			);
			name = Controller;
			sourceTree = "<group>";
		};
		2786D8061C07B0F000A1874D /* View */ = {
			isa = PBXGroup;
			children = (
				2786D7F61C07B06F00A1874D /* Main.storyboard */,
				2786D7FB1C07B06F00A1874D /* LaunchScreen.storyboard */,
			);
			name = View;
			sourceTree = "<group>";
		};
		2786D8071C07B0F300A1874D /* Model */ = {
			isa = PBXGroup;
			children = (
				2786D8081C07B1B900A1874D /* Book.swift */,
				2786D85C1C0806C000A1874D /* Chapter.swift */,
				2786D80A1C07B1B900A1874D /* GeoDatabase.swift */,
				27BED1E21C08345C00AF4733 /* GeoPin.swift */,
				2786D80B1C07B1B900A1874D /* GeoPlace.swift */,
				2786D80E1C07B1B900A1874D /* ScriptureRenderer.swift */,
			);
			name = Model;
			sourceTree = "<group>";
		};
		2786D8331C07B26D00A1874D /* Products */ = {
			isa = PBXGroup;
			children = (
				2786D83E1C07B26D00A1874D /* SQLite.framework */,
				2786D8401C07B26D00A1874D /* SQLite iOS Tests.xctest */,
				2786D8421C07B26D00A1874D /* SQLite.framework */,
				2786D8441C07B26D00A1874D /* SQLite Mac Tests.xctest */,
				2786D8461C07B26D00A1874D /* SQLiteCipher.framework */,
				2786D8481C07B26D00A1874D /* SQLiteCipher iOS Tests.xctest */,
				2786D84A1C07B26D00A1874D /* SQLiteCipher.framework */,
				2786D84C1C07B26D00A1874D /* SQLiteCipher Mac Tests.xctest */,
			);
			name = Products;
			sourceTree = "<group>";
		};
/* End PBXGroup section */

/* Begin PBXNativeTarget section */
		2786D7EC1C07B06F00A1874D /* Scripture Map */ = {
			isa = PBXNativeTarget;
			buildConfigurationList = 2786D8011C07B06F00A1874D /* Build configuration list for PBXNativeTarget "Scripture Map" */;
			buildPhases = (
				2786D7E91C07B06F00A1874D /* Sources */,
				2786D7EA1C07B06F00A1874D /* Frameworks */,
				2786D7EB1C07B06F00A1874D /* Resources */,
				275187CB1C082B4000D01D16 /* Embed Frameworks */,
			);
			buildRules = (
			);
			dependencies = (
				275187CA1C082B3F00D01D16 /* PBXTargetDependency */,
			);
			name = "Scripture Map";
			productName = "Scripture Map";
			productReference = 2786D7ED1C07B06F00A1874D /* Scripture Map.app */;
			productType = "com.apple.product-type.application";
		};
/* End PBXNativeTarget section */

/* Begin PBXProject section */
		2786D7E51C07B06F00A1874D /* Project object */ = {
			isa = PBXProject;
			attributes = {
				LastSwiftUpdateCheck = 0710;
				LastUpgradeCheck = 0710;
				ORGANIZATIONNAME = "Kyle Pontius";
				TargetAttributes = {
					2786D7EC1C07B06F00A1874D = {
						CreatedOnToolsVersion = 7.1.1;
						DevelopmentTeam = B6A555J4X6;
					};
				};
			};
			buildConfigurationList = 2786D7E81C07B06F00A1874D /* Build configuration list for PBXProject "Scripture Map" */;
			compatibilityVersion = "Xcode 3.2";
			developmentRegion = English;
			hasScannedForEncodings = 0;
			knownRegions = (
				en,
				Base,
			);
			mainGroup = 2786D7E41C07B06F00A1874D;
			productRefGroup = 2786D7EE1C07B06F00A1874D /* Products */;
			projectDirPath = "";
			projectReferences = (
				{
					ProductGroup = 2786D8331C07B26D00A1874D /* Products */;
					ProjectRef = 2786D8161C07B26800A1874D /* SQLite.xcodeproj */;
				},
			);
			projectRoot = "";
			targets = (
				2786D7EC1C07B06F00A1874D /* Scripture Map */,
			);
		};
/* End PBXProject section */

/* Begin PBXReferenceProxy section */
		2786D83E1C07B26D00A1874D /* SQLite.framework */ = {
			isa = PBXReferenceProxy;
			fileType = wrapper.framework;
			path = SQLite.framework;
			remoteRef = 2786D83D1C07B26D00A1874D /* PBXContainerItemProxy */;
			sourceTree = BUILT_PRODUCTS_DIR;
		};
		2786D8401C07B26D00A1874D /* SQLite iOS Tests.xctest */ = {
			isa = PBXReferenceProxy;
			fileType = wrapper.cfbundle;
			path = "SQLite iOS Tests.xctest";
			remoteRef = 2786D83F1C07B26D00A1874D /* PBXContainerItemProxy */;
			sourceTree = BUILT_PRODUCTS_DIR;
		};
		2786D8421C07B26D00A1874D /* SQLite.framework */ = {
			isa = PBXReferenceProxy;
			fileType = wrapper.framework;
			path = SQLite.framework;
			remoteRef = 2786D8411C07B26D00A1874D /* PBXContainerItemProxy */;
			sourceTree = BUILT_PRODUCTS_DIR;
		};
		2786D8441C07B26D00A1874D /* SQLite Mac Tests.xctest */ = {
			isa = PBXReferenceProxy;
			fileType = wrapper.cfbundle;
			path = "SQLite Mac Tests.xctest";
			remoteRef = 2786D8431C07B26D00A1874D /* PBXContainerItemProxy */;
			sourceTree = BUILT_PRODUCTS_DIR;
		};
		2786D8461C07B26D00A1874D /* SQLiteCipher.framework */ = {
			isa = PBXReferenceProxy;
			fileType = wrapper.framework;
			path = SQLiteCipher.framework;
			remoteRef = 2786D8451C07B26D00A1874D /* PBXContainerItemProxy */;
			sourceTree = BUILT_PRODUCTS_DIR;
		};
		2786D8481C07B26D00A1874D /* SQLiteCipher iOS Tests.xctest */ = {
			isa = PBXReferenceProxy;
			fileType = wrapper.cfbundle;
			path = "SQLiteCipher iOS Tests.xctest";
			remoteRef = 2786D8471C07B26D00A1874D /* PBXContainerItemProxy */;
			sourceTree = BUILT_PRODUCTS_DIR;
		};
		2786D84A1C07B26D00A1874D /* SQLiteCipher.framework */ = {
			isa = PBXReferenceProxy;
			fileType = wrapper.framework;
			path = SQLiteCipher.framework;
			remoteRef = 2786D8491C07B26D00A1874D /* PBXContainerItemProxy */;
			sourceTree = BUILT_PRODUCTS_DIR;
		};
		2786D84C1C07B26D00A1874D /* SQLiteCipher Mac Tests.xctest */ = {
			isa = PBXReferenceProxy;
			fileType = wrapper.cfbundle;
			path = "SQLiteCipher Mac Tests.xctest";
			remoteRef = 2786D84B1C07B26D00A1874D /* PBXContainerItemProxy */;
			sourceTree = BUILT_PRODUCTS_DIR;
		};
/* End PBXReferenceProxy section */

/* Begin PBXResourcesBuildPhase section */
		2786D7EB1C07B06F00A1874D /* Resources */ = {
			isa = PBXResourcesBuildPhase;
			buildActionMask = 2147483647;
			files = (
				2786D7FD1C07B06F00A1874D /* LaunchScreen.storyboard in Resources */,
				2786D8141C07B1B900A1874D /* scripture.css in Resources */,
				2786D8131C07B1B900A1874D /* MapScripturesIcon.psd in Resources */,
				2786D8101C07B1B900A1874D /* geo.21.sqlite in Resources */,
				2786D7FA1C07B06F00A1874D /* Assets.xcassets in Resources */,
				2786D7F81C07B06F00A1874D /* Main.storyboard in Resources */,
			);
			runOnlyForDeploymentPostprocessing = 0;
		};
/* End PBXResourcesBuildPhase section */

/* Begin PBXSourcesBuildPhase section */
		2786D7E91C07B06F00A1874D /* Sources */ = {
			isa = PBXSourcesBuildPhase;
			buildActionMask = 2147483647;
			files = (
				2786D80F1C07B1B900A1874D /* Book.swift in Sources */,
				2748452C1C086FBA00054395 /* MessageViewController.swift in Sources */,
				2786D8111C07B1B900A1874D /* GeoDatabase.swift in Sources */,
				2786D8531C07B3E300A1874D /* VolumesTableViewController.swift in Sources */,
				2786D7F51C07B06F00A1874D /* MapViewController.swift in Sources */,
				2786D8591C07B97D00A1874D /* ScripturesViewController.swift in Sources */,
				27BED1E31C08345C00AF4733 /* GeoPin.swift in Sources */,
				2786D8151C07B1B900A1874D /* ScriptureRenderer.swift in Sources */,
				27B40F681C161ED90081DE88 /* GeocodeSuggestionViewController.swift in Sources */,
				2786D8551C07B3EF00A1874D /* BooksTableViewController.swift in Sources */,
				2786D85B1C07FFFE00A1874D /* ChaptersTableViewController.swift in Sources */,
				2786D8121C07B1B900A1874D /* GeoPlace.swift in Sources */,
				2786D7F11C07B06F00A1874D /* AppDelegate.swift in Sources */,
				27B40F5F1C1619FC0081DE88 /* CustomWebView.swift in Sources */,
				2786D85D1C0806C000A1874D /* Chapter.swift in Sources */,
			);
			runOnlyForDeploymentPostprocessing = 0;
		};
/* End PBXSourcesBuildPhase section */

/* Begin PBXTargetDependency section */
		275187CA1C082B3F00D01D16 /* PBXTargetDependency */ = {
			isa = PBXTargetDependency;
			name = "SQLite iOS";
			targetProxy = 275187C91C082B3F00D01D16 /* PBXContainerItemProxy */;
		};
/* End PBXTargetDependency section */

/* Begin PBXVariantGroup section */
		2786D7F61C07B06F00A1874D /* Main.storyboard */ = {
			isa = PBXVariantGroup;
			children = (
				2786D7F71C07B06F00A1874D /* Base */,
			);
			name = Main.storyboard;
			sourceTree = "<group>";
		};
		2786D7FB1C07B06F00A1874D /* LaunchScreen.storyboard */ = {
			isa = PBXVariantGroup;
			children = (
				2786D7FC1C07B06F00A1874D /* Base */,
			);
			name = LaunchScreen.storyboard;
			sourceTree = "<group>";
		};
/* End PBXVariantGroup section */

/* Begin XCBuildConfiguration section */
		2786D7FF1C07B06F00A1874D /* Debug */ = {
			isa = XCBuildConfiguration;
			buildSettings = {
				ALWAYS_SEARCH_USER_PATHS = NO;
				CLANG_CXX_LANGUAGE_STANDARD = "gnu++0x";
				CLANG_CXX_LIBRARY = "libc++";
				CLANG_ENABLE_MODULES = YES;
				CLANG_ENABLE_OBJC_ARC = YES;
				CLANG_WARN_BOOL_CONVERSION = YES;
				CLANG_WARN_CONSTANT_CONVERSION = YES;
				CLANG_WARN_DIRECT_OBJC_ISA_USAGE = YES_ERROR;
				CLANG_WARN_EMPTY_BODY = YES;
				CLANG_WARN_ENUM_CONVERSION = YES;
				CLANG_WARN_INT_CONVERSION = YES;
				CLANG_WARN_OBJC_ROOT_CLASS = YES_ERROR;
				CLANG_WARN_UNREACHABLE_CODE = YES;
				CLANG_WARN__DUPLICATE_METHOD_MATCH = YES;
				"CODE_SIGN_IDENTITY[sdk=iphoneos*]" = "iPhone Developer";
				COPY_PHASE_STRIP = NO;
				DEBUG_INFORMATION_FORMAT = dwarf;
				ENABLE_STRICT_OBJC_MSGSEND = YES;
				ENABLE_TESTABILITY = YES;
				GCC_C_LANGUAGE_STANDARD = gnu99;
				GCC_DYNAMIC_NO_PIC = NO;
				GCC_NO_COMMON_BLOCKS = YES;
				GCC_OPTIMIZATION_LEVEL = 0;
				GCC_PREPROCESSOR_DEFINITIONS = (
					"DEBUG=1",
					"$(inherited)",
				);
				GCC_WARN_64_TO_32_BIT_CONVERSION = YES;
				GCC_WARN_ABOUT_RETURN_TYPE = YES_ERROR;
				GCC_WARN_UNDECLARED_SELECTOR = YES;
				GCC_WARN_UNINITIALIZED_AUTOS = YES_AGGRESSIVE;
				GCC_WARN_UNUSED_FUNCTION = YES;
				GCC_WARN_UNUSED_VARIABLE = YES;
				IPHONEOS_DEPLOYMENT_TARGET = 9.1;
				MTL_ENABLE_DEBUG_INFO = YES;
				ONLY_ACTIVE_ARCH = YES;
				SDKROOT = iphoneos;
				SWIFT_OPTIMIZATION_LEVEL = "-Onone";
				TARGETED_DEVICE_FAMILY = "1,2";
			};
			name = Debug;
		};
		2786D8001C07B06F00A1874D /* Release */ = {
			isa = XCBuildConfiguration;
			buildSettings = {
				ALWAYS_SEARCH_USER_PATHS = NO;
				CLANG_CXX_LANGUAGE_STANDARD = "gnu++0x";
				CLANG_CXX_LIBRARY = "libc++";
				CLANG_ENABLE_MODULES = YES;
				CLANG_ENABLE_OBJC_ARC = YES;
				CLANG_WARN_BOOL_CONVERSION = YES;
				CLANG_WARN_CONSTANT_CONVERSION = YES;
				CLANG_WARN_DIRECT_OBJC_ISA_USAGE = YES_ERROR;
				CLANG_WARN_EMPTY_BODY = YES;
				CLANG_WARN_ENUM_CONVERSION = YES;
				CLANG_WARN_INT_CONVERSION = YES;
				CLANG_WARN_OBJC_ROOT_CLASS = YES_ERROR;
				CLANG_WARN_UNREACHABLE_CODE = YES;
				CLANG_WARN__DUPLICATE_METHOD_MATCH = YES;
				"CODE_SIGN_IDENTITY[sdk=iphoneos*]" = "iPhone Developer";
				COPY_PHASE_STRIP = NO;
				DEBUG_INFORMATION_FORMAT = "dwarf-with-dsym";
				ENABLE_NS_ASSERTIONS = NO;
				ENABLE_STRICT_OBJC_MSGSEND = YES;
				GCC_C_LANGUAGE_STANDARD = gnu99;
				GCC_NO_COMMON_BLOCKS = YES;
				GCC_WARN_64_TO_32_BIT_CONVERSION = YES;
				GCC_WARN_ABOUT_RETURN_TYPE = YES_ERROR;
				GCC_WARN_UNDECLARED_SELECTOR = YES;
				GCC_WARN_UNINITIALIZED_AUTOS = YES_AGGRESSIVE;
				GCC_WARN_UNUSED_FUNCTION = YES;
				GCC_WARN_UNUSED_VARIABLE = YES;
				IPHONEOS_DEPLOYMENT_TARGET = 9.1;
				MTL_ENABLE_DEBUG_INFO = NO;
				SDKROOT = iphoneos;
				TARGETED_DEVICE_FAMILY = "1,2";
				VALIDATE_PRODUCT = YES;
			};
			name = Release;
		};
		2786D8021C07B06F00A1874D /* Debug */ = {
			isa = XCBuildConfiguration;
			buildSettings = {
				ASSETCATALOG_COMPILER_APPICON_NAME = AppIcon;
				CODE_SIGN_IDENTITY = "iPhone Developer";
				"CODE_SIGN_IDENTITY[sdk=iphoneos*]" = "iPhone Developer";
				EMBEDDED_CONTENT_CONTAINS_SWIFT = YES;
				INFOPLIST_FILE = "Scripture Map/Info.plist";
				LD_RUNPATH_SEARCH_PATHS = "$(inherited) @executable_path/Frameworks";
				PRODUCT_BUNDLE_IDENTIFIER = "com.kylepontius.Scripture-Map";
				PRODUCT_NAME = "$(TARGET_NAME)";
				PROVISIONING_PROFILE = "";
			};
			name = Debug;
		};
		2786D8031C07B06F00A1874D /* Release */ = {
			isa = XCBuildConfiguration;
			buildSettings = {
				ASSETCATALOG_COMPILER_APPICON_NAME = AppIcon;
				CODE_SIGN_IDENTITY = "iPhone Developer";
				"CODE_SIGN_IDENTITY[sdk=iphoneos*]" = "iPhone Developer";
				EMBEDDED_CONTENT_CONTAINS_SWIFT = YES;
				INFOPLIST_FILE = "Scripture Map/Info.plist";
				LD_RUNPATH_SEARCH_PATHS = "$(inherited) @executable_path/Frameworks";
				PRODUCT_BUNDLE_IDENTIFIER = "com.kylepontius.Scripture-Map";
				PRODUCT_NAME = "$(TARGET_NAME)";
				PROVISIONING_PROFILE = "";
			};
			name = Release;
		};
/* End XCBuildConfiguration section */

/* Begin XCConfigurationList section */
		2786D7E81C07B06F00A1874D /* Build configuration list for PBXProject "Scripture Map" */ = {
			isa = XCConfigurationList;
			buildConfigurations = (
				2786D7FF1C07B06F00A1874D /* Debug */,
				2786D8001C07B06F00A1874D /* Release */,
			);
			defaultConfigurationIsVisible = 0;
			defaultConfigurationName = Release;
		};
		2786D8011C07B06F00A1874D /* Build configuration list for PBXNativeTarget "Scripture Map" */ = {
			isa = XCConfigurationList;
			buildConfigurations = (
				2786D8021C07B06F00A1874D /* Debug */,
				2786D8031C07B06F00A1874D /* Release */,
			);
			defaultConfigurationIsVisible = 0;
			defaultConfigurationName = Release;
		};
/* End XCConfigurationList section */
	};
	rootObject = 2786D7E51C07B06F00A1874D /* Project object */;
}
